
Microsoft Visual Studio Solution File, Format Version 12.00
# Visual Studio 2012
Project("{FAE04EC0-301F-11D3-BF4B-00C04F79EFBC}") = "ContactProject", "ContactProject\ContactProject.csproj", "{D6D5667C-4D8A-4E79-AA7E-46CC166B7363}"
EndProject
Project("{FAE04EC0-301F-11D3-BF4B-00C04F79EFBC}") = "ContactProject.UnitTests", "ContactProject.UnitTests\ContactProject.UnitTests.csproj", "{724017BE-A028-469A-8CE1-2C53A64C8E90}"
EndProject
Global
	GlobalSection(SolutionConfigurationPlatforms) = preSolution
		Debug|Any CPU = Debug|Any CPU
		Release|Any CPU = Release|Any CPU
	EndGlobalSection
	GlobalSection(ProjectConfigurationPlatforms) = postSolution
		{D6D5667C-4D8A-4E79-AA7E-46CC166B7363}.Debug|Any CPU.ActiveCfg = Debug|Any CPU
		{D6D5667C-4D8A-4E79-AA7E-46CC166B7363}.Debug|Any CPU.Build.0 = Debug|Any CPU
		{D6D5667C-4D8A-4E79-AA7E-46CC166B7363}.Release|Any CPU.ActiveCfg = Release|Any CPU
		{D6D5667C-4D8A-4E79-AA7E-46CC166B7363}.Release|Any CPU.Build.0 = Release|Any CPU
		{724017BE-A028-469A-8CE1-2C53A64C8E90}.Debug|Any CPU.ActiveCfg = Debug|Any CPU
		{724017BE-A028-469A-8CE1-2C53A64C8E90}.Debug|Any CPU.Build.0 = Debug|Any CPU
		{724017BE-A028-469A-8CE1-2C53A64C8E90}.Release|Any CPU.ActiveCfg = Release|Any CPU
		{724017BE-A028-469A-8CE1-2C53A64C8E90}.Release|Any CPU.Build.0 = Release|Any CPU
	EndGlobalSection
	GlobalSection(SolutionProperties) = preSolution
		HideSolutionNode = FALSE
	EndGlobalSection
	GlobalSection(ExtensibilityGlobals) = postSolution
		EnterpriseLibraryConfigurationToolBinariesPath = packages\Unity.2.1.505.0\lib\NET35
	EndGlobalSection
EndGlobal
